
Microsoft Visual Studio Solution File, Format Version 12.00
# Visual Studio 15
VisualStudioVersion = 15.0.28307.1831
MinimumVisualStudioVersion = 10.0.40219.1
Project("{8BC9CEB8-8B4A-11D0-8D11-00A0C91BC942}") = "tarlib", "tarlib.vcxproj", "{C07F2443-3A10-442D-9B78-07DA5C63EC0A}"
EndProject
Global
	GlobalSection(SolutionConfigurationPlatforms) = preSolution
		Debug|x64 = Debug|x64
		Release|x64 = Release|x64
	EndGlobalSection
	GlobalSection(ProjectConfigurationPlatforms) = postSolution
		{C07F2443-3A10-442D-9B78-07DA5C63EC0A}.Debug|x64.ActiveCfg = Debug|x64
		{C07F2443-3A10-442D-9B78-07DA5C63EC0A}.Debug|x64.Build.0 = Debug|x64
		{C07F2443-3A10-442D-9B78-07DA5C63EC0A}.Release|x64.ActiveCfg = Release|x64
		{C07F2443-3A10-442D-9B78-07DA5C63EC0A}.Release|x64.Build.0 = Release|x64
	EndGlobalSection
	GlobalSection(SolutionProperties) = preSolution
		HideSolutionNode = FALSE
	EndGlobalSection
	GlobalSection(ExtensibilityGlobals) = postSolution
		SolutionGuid = {3BAE4F91-049C-4925-A4EC-4F2EB9B20B33}
	EndGlobalSection
EndGlobal
